
Microsoft Visual Studio Solution File, Format Version 12.00
# Visual Studio 15
VisualStudioVersion = 15.0.28307.779
MinimumVisualStudioVersion = 10.0.40219.1
Project("{8BC9CEB8-8B4A-11D0-8D11-00A0C91BC942}") = "Inu3D", "Inu3D\Inu3D.vcxproj", "{3FDB75BB-D99F-4E86-856B-065632D2F5CF}"
EndProject
Global
	GlobalSection(SolutionConfigurationPlatforms) = preSolution
		Debug|x64 = Debug|x64
		Debug|x86 = Debug|x86
		Release|x64 = Release|x64
		Release|x86 = Release|x86
	EndGlobalSection
	GlobalSection(ProjectConfigurationPlatforms) = postSolution
		{3FDB75BB-D99F-4E86-856B-065632D2F5CF}.Debug|x64.ActiveCfg = Debug|x64
		{3FDB75BB-D99F-4E86-856B-065632D2F5CF}.Debug|x64.Build.0 = Debug|x64
		{3FDB75BB-D99F-4E86-856B-065632D2F5CF}.Debug|x86.ActiveCfg = Debug|Win32
		{3FDB75BB-D99F-4E86-856B-065632D2F5CF}.Debug|x86.Build.0 = Debug|Win32
		{3FDB75BB-D99F-4E86-856B-065632D2F5CF}.Release|x64.ActiveCfg = Release|x64
		{3FDB75BB-D99F-4E86-856B-065632D2F5CF}.Release|x64.Build.0 = Release|x64
		{3FDB75BB-D99F-4E86-856B-065632D2F5CF}.Release|x86.ActiveCfg = Debug|Win32
		{3FDB75BB-D99F-4E86-856B-065632D2F5CF}.Release|x86.Build.0 = Debug|Win32
	EndGlobalSection
	GlobalSection(SolutionProperties) = preSolution
		HideSolutionNode = FALSE
	EndGlobalSection
	GlobalSection(ExtensibilityGlobals) = postSolution
		SolutionGuid = {BBEE7E7C-EF11-4898-9436-0CE2161A0A5A}
	EndGlobalSection
EndGlobal
